// !$*UTF8*$!
{
	archiveVersion = 1;
	classes = {
	};
	objectVersion = 46;
	objects = {

/* Begin PBXAggregateTarget section */
		C58275C6311747E28F17D2E4 /* ALL_BUILD */ = {
			isa = PBXAggregateTarget;
			buildConfigurationList = E20A37AA6CB94A35AD6515DD /* Build configuration list for PBXAggregateTarget "ALL_BUILD" */;
			buildPhases = (
				DA6E226917320AC0AA9A762E /* Generate CMakeFiles/ALL_BUILD */,
			);
			dependencies = (
				A4734516078044BFAC6170E3 /* PBXTargetDependency */,
				C1B1984FA24C45D0A6F730A8 /* PBXTargetDependency */,
			);
			name = ALL_BUILD;
			productName = ALL_BUILD;
		};
		E7C41BF2A1EF41C4B2292836 /* ZERO_CHECK */ = {
			isa = PBXAggregateTarget;
			buildConfigurationList = 388EECA79425400D8301120E /* Build configuration list for PBXAggregateTarget "ZERO_CHECK" */;
			buildPhases = (
				1922C17A04A24E365AC75336 /* Generate CMakeFiles/ZERO_CHECK */,
			);
			dependencies = (
			);
			name = ZERO_CHECK;
			productName = ZERO_CHECK;
		};
/* End PBXAggregateTarget section */

/* Begin PBXBuildFile section */
		602F6129E1DB4D7AB985451F /* /Users/yevheniiandrus/ArringoTest/simulator/simulator.h */ = {isa = PBXBuildFile; fileRef = 57B81B00B9D64327AFED4399 /* /Users/yevheniiandrus/ArringoTest/simulator/simulator.h */; };
		65F0CD67D015480C948C7B79 /* /Users/yevheniiandrus/ArringoTest/simulator/CMakeLists.txt */ = {isa = PBXBuildFile; fileRef = 26825BBAE1B842238086EA0A /* /Users/yevheniiandrus/ArringoTest/simulator/CMakeLists.txt */; };
		BA744C919388442785F48512 /* /Users/yevheniiandrus/ArringoTest/simulator/simulator.cpp */ = {isa = PBXBuildFile; fileRef = 839F990001A54D1583ACDB49 /* /Users/yevheniiandrus/ArringoTest/simulator/simulator.cpp */; };
/* End PBXBuildFile section */

/* Begin PBXBuildStyle section */
		113786767C774936A06F39ED /* Debug */ = {
			isa = PBXBuildStyle;
			buildSettings = {
				COPY_PHASE_STRIP = NO;
			};
			name = Debug;
		};
		4BF87CC70B4E41118277D57D /* RelWithDebInfo */ = {
			isa = PBXBuildStyle;
			buildSettings = {
				COPY_PHASE_STRIP = NO;
			};
			name = RelWithDebInfo;
		};
		7F084A54DA1E46B88DC60B3B /* MinSizeRel */ = {
			isa = PBXBuildStyle;
			buildSettings = {
				COPY_PHASE_STRIP = NO;
			};
			name = MinSizeRel;
		};
		C03132CBBB454D01B348C6E4 /* Release */ = {
			isa = PBXBuildStyle;
			buildSettings = {
				COPY_PHASE_STRIP = NO;
			};
			name = Release;
		};
/* End PBXBuildStyle section */

/* Begin PBXContainerItemProxy section */
		09E2AAAE101A43ED9171FE09 /* PBXContainerItemProxy */ = {
			isa = PBXContainerItemProxy;
			containerPortal = E9B6965C07F643888D49DE8E /* Project object */;
			proxyType = 1;
			remoteGlobalIDString = E7C41BF2A1EF41C4B2292836;
			remoteInfo = ZERO_CHECK;
		};
		288CA414CC3447D1B0801A9A /* PBXContainerItemProxy */ = {
			isa = PBXContainerItemProxy;
			containerPortal = E9B6965C07F643888D49DE8E /* Project object */;
			proxyType = 1;
			remoteGlobalIDString = DAAB576220634F43A1CA9C44;
			remoteInfo = simulator;
		};
		9145F18952A4429AA615B347 /* PBXContainerItemProxy */ = {
			isa = PBXContainerItemProxy;
			containerPortal = E9B6965C07F643888D49DE8E /* Project object */;
			proxyType = 1;
			remoteGlobalIDString = E7C41BF2A1EF41C4B2292836;
			remoteInfo = ZERO_CHECK;
		};
/* End PBXContainerItemProxy section */

/* Begin PBXFileReference section */
		1D0EA37AB19B4C5EBDA3EACF /* /Users/yevheniiandrus/ArringoTest/simulator/CMakeLists.txt */ = {isa = PBXFileReference; explicitFileType = sourcecode.text; fileEncoding = 4; name = CMakeLists.txt; path = CMakeLists.txt; sourceTree = SOURCE_ROOT; };
		26825BBAE1B842238086EA0A /* /Users/yevheniiandrus/ArringoTest/simulator/CMakeLists.txt */ = {isa = PBXFileReference; explicitFileType = sourcecode.text; fileEncoding = 4; name = CMakeLists.txt; path = CMakeLists.txt; sourceTree = SOURCE_ROOT; };
		451A42C424254E8D86CFEE95 /* simulator */ = {isa = PBXFileReference; explicitFileType = archive.ar; path = libsimulator.a; sourceTree = BUILT_PRODUCTS_DIR; };
		57B81B00B9D64327AFED4399 /* /Users/yevheniiandrus/ArringoTest/simulator/simulator.h */ = {isa = PBXFileReference; explicitFileType = sourcecode.c.h; fileEncoding = 4; name = simulator.h; path = simulator.h; sourceTree = SOURCE_ROOT; };
		839F990001A54D1583ACDB49 /* /Users/yevheniiandrus/ArringoTest/simulator/simulator.cpp */ = {isa = PBXFileReference; explicitFileType = sourcecode.cpp.cpp; fileEncoding = 4; name = simulator.cpp; path = simulator.cpp; sourceTree = SOURCE_ROOT; };
/* End PBXFileReference section */

/* Begin PBXFrameworksBuildPhase section */
		8A132ACA4DA84BE9BDFD0A2B /* Frameworks */ = {
			isa = PBXFrameworksBuildPhase;
			buildActionMask = 2147483647;
			files = (
			);
			runOnlyForDeploymentPostprocessing = 0;
		};
/* End PBXFrameworksBuildPhase section */

/* Begin PBXGroup section */
		269DEF263CB443B1BD5520C0 /* Header Files */ = {
			isa = PBXGroup;
			children = (
				57B81B00B9D64327AFED4399 /* /Users/yevheniiandrus/ArringoTest/simulator/simulator.h */,
			);
			name = "Header Files";
			sourceTree = "<group>";
		};
		58C24048DB224B0DA1890E1E /* Frameworks */ = {
			isa = PBXGroup;
			children = (
			);
			name = Frameworks;
			sourceTree = "<group>";
		};
		7016477EE2134C3F974F142A = {
			isa = PBXGroup;
			children = (
				E42BEC2E86A74BD0B69CECFC /* simulator */,
				B2EBEB8535F949369B346523 /* ALL_BUILD */,
				B8FA9976B43543DF948FF928 /* Products */,
				58C24048DB224B0DA1890E1E /* Frameworks */,
			);
			sourceTree = "<group>";
		};
		B2EBEB8535F949369B346523 /* ALL_BUILD */ = {
			isa = PBXGroup;
			children = (
				F4628069A0D94F59BF160540 /* CMake Rules */,
				1D0EA37AB19B4C5EBDA3EACF /* /Users/yevheniiandrus/ArringoTest/simulator/CMakeLists.txt */,
			);
			name = ALL_BUILD;
			sourceTree = "<group>";
		};
		B8FA9976B43543DF948FF928 /* Products */ = {
			isa = PBXGroup;
			children = (
				451A42C424254E8D86CFEE95 /* simulator */,
			);
			name = Products;
			sourceTree = "<group>";
		};
		E42BEC2E86A74BD0B69CECFC /* simulator */ = {
			isa = PBXGroup;
			children = (
				F26A3BB9C00F46238C19A6CC /* Source Files */,
				269DEF263CB443B1BD5520C0 /* Header Files */,
				26825BBAE1B842238086EA0A /* /Users/yevheniiandrus/ArringoTest/simulator/CMakeLists.txt */,
			);
			name = simulator;
			sourceTree = "<group>";
		};
		F26A3BB9C00F46238C19A6CC /* Source Files */ = {
			isa = PBXGroup;
			children = (
				839F990001A54D1583ACDB49 /* /Users/yevheniiandrus/ArringoTest/simulator/simulator.cpp */,
			);
			name = "Source Files";
			sourceTree = "<group>";
		};
		F4628069A0D94F59BF160540 /* CMake Rules */ = {
			isa = PBXGroup;
			children = (
			);
			name = "CMake Rules";
			sourceTree = "<group>";
		};
/* End PBXGroup section */

/* Begin PBXNativeTarget section */
		DAAB576220634F43A1CA9C44 /* simulator */ = {
			isa = PBXNativeTarget;
			buildConfigurationList = C690996741CE49D793C2D688 /* Build configuration list for PBXNativeTarget "simulator" */;
			buildPhases = (
				4F03F1720F76401884785AC5 /* Sources */,
				8A132ACA4DA84BE9BDFD0A2B /* Frameworks */,
			);
			buildRules = (
			);
			dependencies = (
				C600B1B6B57C4EF29B68749A /* PBXTargetDependency */,
			);
			name = simulator;
			productName = simulator;
			productReference = 451A42C424254E8D86CFEE95 /* simulator */;
			productType = "com.apple.product-type.library.static";
		};
/* End PBXNativeTarget section */

/* Begin PBXProject section */
		E9B6965C07F643888D49DE8E /* Project object */ = {
			isa = PBXProject;
			attributes = {
				BuildIndependentTargetsInParallel = YES;
				LastUpgradeCheck = 1340;
			};
			buildConfigurationList = 5CB49A2B06824BC8B212BDFE /* Build configuration list for PBXProject "Simulator" */;
			buildSettings = {
			};
			buildStyles = (
				113786767C774936A06F39ED /* Debug */,
				C03132CBBB454D01B348C6E4 /* Release */,
				7F084A54DA1E46B88DC60B3B /* MinSizeRel */,
				4BF87CC70B4E41118277D57D /* RelWithDebInfo */,
			);
			compatibilityVersion = "Xcode 3.2";
			hasScannedForEncodings = 0;
			mainGroup = 7016477EE2134C3F974F142A;
			projectDirPath = .;
			projectRoot = "";
			targets = (
				C58275C6311747E28F17D2E4 /* ALL_BUILD */,
				E7C41BF2A1EF41C4B2292836 /* ZERO_CHECK */,
				DAAB576220634F43A1CA9C44 /* simulator */,
			);
		};
/* End PBXProject section */

/* Begin PBXShellScriptBuildPhase section */
		1922C17A04A24E365AC75336 /* Generate CMakeFiles/ZERO_CHECK */ = {
			isa = PBXShellScriptBuildPhase;
			alwaysOutOfDate = 1;
			buildActionMask = 2147483647;
			files = (
			);
			inputPaths = (
			);
			name = "Generate CMakeFiles/ZERO_CHECK";
			outputPaths = (
/Users/yevheniiandrus/ArringoTest/simulator/CMakeFiles/ZERO_CHECK			);
			runOnlyForDeploymentPostprocessing = 0;
			shellPath = /bin/sh;
			shellScript = "set -e
if test \"$CONFIGURATION\" = \"Debug\"; then :
  cd /Users/yevheniiandrus/ArringoTest/simulator
  make -f /Users/yevheniiandrus/ArringoTest/simulator/CMakeScripts/ReRunCMake.make
fi
if test \"$CONFIGURATION\" = \"Release\"; then :
  cd /Users/yevheniiandrus/ArringoTest/simulator
  make -f /Users/yevheniiandrus/ArringoTest/simulator/CMakeScripts/ReRunCMake.make
fi
if test \"$CONFIGURATION\" = \"MinSizeRel\"; then :
  cd /Users/yevheniiandrus/ArringoTest/simulator
  make -f /Users/yevheniiandrus/ArringoTest/simulator/CMakeScripts/ReRunCMake.make
fi
if test \"$CONFIGURATION\" = \"RelWithDebInfo\"; then :
  cd /Users/yevheniiandrus/ArringoTest/simulator
  make -f /Users/yevheniiandrus/ArringoTest/simulator/CMakeScripts/ReRunCMake.make
fi
";
			showEnvVarsInLog = 0;
		};
		3C0110FC8322DE7E50886E21 = {
			isa = PBXShellScriptBuildPhase;
			buildActionMask = 2147483647;
			files = (
			);
			inputPaths = (
			);
			outputPaths = (
			);
			runOnlyForDeploymentPostprocessing = 0;
			shellPath = /bin/sh;
			shellScript = "# shell script goes here
exit 0";
			showEnvVarsInLog = 0;
		};
		9B50530E35CC49C82C2FACCF = {
			isa = PBXShellScriptBuildPhase;
			buildActionMask = 2147483647;
			files = (
			);
			inputPaths = (
			);
			outputPaths = (
			);
			runOnlyForDeploymentPostprocessing = 0;
			shellPath = /bin/sh;
			shellScript = "# shell script goes here
exit 0";
			showEnvVarsInLog = 0;
		};
		DA6E226917320AC0AA9A762E /* Generate CMakeFiles/ALL_BUILD */ = {
			isa = PBXShellScriptBuildPhase;
			alwaysOutOfDate = 1;
			buildActionMask = 2147483647;
			files = (
			);
			inputPaths = (
			);
			name = "Generate CMakeFiles/ALL_BUILD";
			outputPaths = (
/Users/yevheniiandrus/ArringoTest/simulator/CMakeFiles/ALL_BUILD			);
			runOnlyForDeploymentPostprocessing = 0;
			shellPath = /bin/sh;
			shellScript = "set -e
if test \"$CONFIGURATION\" = \"Debug\"; then :
  cd /Users/yevheniiandrus/ArringoTest/simulator
  echo Build\\ all\\ projects
fi
if test \"$CONFIGURATION\" = \"Release\"; then :
  cd /Users/yevheniiandrus/ArringoTest/simulator
  echo Build\\ all\\ projects
fi
if test \"$CONFIGURATION\" = \"MinSizeRel\"; then :
  cd /Users/yevheniiandrus/ArringoTest/simulator
  echo Build\\ all\\ projects
fi
if test \"$CONFIGURATION\" = \"RelWithDebInfo\"; then :
  cd /Users/yevheniiandrus/ArringoTest/simulator
  echo Build\\ all\\ projects
fi
";
			showEnvVarsInLog = 0;
		};
/* End PBXShellScriptBuildPhase section */

/* Begin PBXSourcesBuildPhase section */
		4F03F1720F76401884785AC5 /* Sources */ = {
			isa = PBXSourcesBuildPhase;
			buildActionMask = 2147483647;
			files = (
				BA744C919388442785F48512 /* /Users/yevheniiandrus/ArringoTest/simulator/simulator.cpp */,
			);
			runOnlyForDeploymentPostprocessing = 0;
		};
/* End PBXSourcesBuildPhase section */

/* Begin PBXTargetDependency section */
		A4734516078044BFAC6170E3 /* PBXTargetDependency */ = {
			isa = PBXTargetDependency;
			target = DAAB576220634F43A1CA9C44 /* simulator */;
			targetProxy = 288CA414CC3447D1B0801A9A /* PBXContainerItemProxy */;
		};
		C1B1984FA24C45D0A6F730A8 /* PBXTargetDependency */ = {
			isa = PBXTargetDependency;
			target = E7C41BF2A1EF41C4B2292836 /* ZERO_CHECK */;
			targetProxy = 09E2AAAE101A43ED9171FE09 /* PBXContainerItemProxy */;
		};
		C600B1B6B57C4EF29B68749A /* PBXTargetDependency */ = {
			isa = PBXTargetDependency;
			target = E7C41BF2A1EF41C4B2292836 /* ZERO_CHECK */;
			targetProxy = 9145F18952A4429AA615B347 /* PBXContainerItemProxy */;
		};
/* End PBXTargetDependency section */

/* Begin XCBuildConfiguration section */
		181ADD5529D640149CA2E0BC /* Release */ = {
			isa = XCBuildConfiguration;
			buildSettings = {
				ARCHS = arm64;
				SDKROOT = /Applications/Xcode.app/Contents/Developer/Platforms/MacOSX.platform/Developer/SDKs/MacOSX12.3.sdk;
				SYMROOT = /Users/yevheniiandrus/ArringoTest/simulator/build;
			};
			name = Release;
		};
		2F35FE17151445098E07CD11 /* MinSizeRel */ = {
			isa = XCBuildConfiguration;
			buildSettings = {
				ARCHS = arm64;
				COMBINE_HIDPI_IMAGES = YES;
				GCC_GENERATE_DEBUGGING_SYMBOLS = YES;
				GCC_INLINES_ARE_PRIVATE_EXTERN = NO;
				GCC_OPTIMIZATION_LEVEL = 0;
				GCC_PREPROCESSOR_DEFINITIONS = ("'CMAKE_INTDIR=\"$(CONFIGURATION)$(EFFECTIVE_PLATFORM_NAME)\"'","$(inherited)");
				GCC_SYMBOLS_PRIVATE_EXTERN = NO;
				INSTALL_PATH = "";
				ONLY_ACTIVE_ARCH = NO;
				OTHER_LDFLAGS = ("","$(inherited)");
				OTHER_REZFLAGS = "";
				PRODUCT_NAME = ZERO_CHECK;
				SECTORDER_FLAGS = "";
				SYMROOT = /Users/yevheniiandrus/ArringoTest/simulator;
				USE_HEADERMAP = NO;
				WARNING_CFLAGS = ("$(inherited)");
			};
			name = MinSizeRel;
		};
		31B790DE22F94087836B5C4D /* MinSizeRel */ = {
			isa = XCBuildConfiguration;
			buildSettings = {
				ARCHS = arm64;
				COMBINE_HIDPI_IMAGES = YES;
				GCC_GENERATE_DEBUGGING_SYMBOLS = YES;
				GCC_INLINES_ARE_PRIVATE_EXTERN = NO;
				GCC_OPTIMIZATION_LEVEL = 0;
				GCC_PREPROCESSOR_DEFINITIONS = ("'CMAKE_INTDIR=\"$(CONFIGURATION)$(EFFECTIVE_PLATFORM_NAME)\"'","$(inherited)");
				GCC_SYMBOLS_PRIVATE_EXTERN = NO;
				INSTALL_PATH = "";
				ONLY_ACTIVE_ARCH = NO;
				OTHER_LDFLAGS = ("","$(inherited)");
				OTHER_REZFLAGS = "";
				PRODUCT_NAME = ALL_BUILD;
				SECTORDER_FLAGS = "";
				SYMROOT = /Users/yevheniiandrus/ArringoTest/simulator;
				USE_HEADERMAP = NO;
				WARNING_CFLAGS = ("$(inherited)");
			};
			name = MinSizeRel;
		};
		47E9EDC6FD1847629F65B44A /* RelWithDebInfo */ = {
			isa = XCBuildConfiguration;
			buildSettings = {
				ARCHS = arm64;
				COMBINE_HIDPI_IMAGES = YES;
				GCC_GENERATE_DEBUGGING_SYMBOLS = YES;
				GCC_INLINES_ARE_PRIVATE_EXTERN = NO;
				GCC_OPTIMIZATION_LEVEL = 0;
				GCC_PREPROCESSOR_DEFINITIONS = ("'CMAKE_INTDIR=\"$(CONFIGURATION)$(EFFECTIVE_PLATFORM_NAME)\"'","$(inherited)");
				GCC_SYMBOLS_PRIVATE_EXTERN = NO;
				INSTALL_PATH = "";
				ONLY_ACTIVE_ARCH = NO;
				OTHER_LDFLAGS = ("","$(inherited)");
				OTHER_REZFLAGS = "";
				PRODUCT_NAME = ZERO_CHECK;
				SECTORDER_FLAGS = "";
				SYMROOT = /Users/yevheniiandrus/ArringoTest/simulator;
				USE_HEADERMAP = NO;
				WARNING_CFLAGS = ("$(inherited)");
			};
			name = RelWithDebInfo;
		};
		57ED0C29A9484C4BBF9954C2 /* Debug */ = {
			isa = XCBuildConfiguration;
			buildSettings = {
				ARCHS = arm64;
				COMBINE_HIDPI_IMAGES = YES;
				EXECUTABLE_PREFIX = lib;
				EXECUTABLE_SUFFIX = .a;
				GCC_GENERATE_DEBUGGING_SYMBOLS = YES;
				GCC_INLINES_ARE_PRIVATE_EXTERN = NO;
				GCC_OPTIMIZATION_LEVEL = 0;
				GCC_PREPROCESSOR_DEFINITIONS = ("'CMAKE_INTDIR=\"$(CONFIGURATION)$(EFFECTIVE_PLATFORM_NAME)\"'","$(inherited)");
				GCC_SYMBOLS_PRIVATE_EXTERN = NO;
				INSTALL_PATH = "";
				LIBRARY_STYLE = STATIC;
				ONLY_ACTIVE_ARCH = NO;
				OTHER_CPLUSPLUSFLAGS = "   '-std=gnu++17' ";
				OTHER_LIBTOOLFLAGS = ("");
				OTHER_REZFLAGS = "";
				PRODUCT_NAME = simulator;
				SECTORDER_FLAGS = "";
				SYMROOT = /Users/yevheniiandrus/ArringoTest/simulator;
				USE_HEADERMAP = NO;
				WARNING_CFLAGS = ("$(inherited)");
			};
			name = Debug;
		};
		6F520958CFCD4A70B11195E7 /* Debug */ = {
			isa = XCBuildConfiguration;
			buildSettings = {
				ARCHS = arm64;
				SDKROOT = /Applications/Xcode.app/Contents/Developer/Platforms/MacOSX.platform/Developer/SDKs/MacOSX12.3.sdk;
				SYMROOT = /Users/yevheniiandrus/ArringoTest/simulator/build;
			};
			name = Debug;
		};
		803A49BF1CEE4A1396E1155E /* Debug */ = {
			isa = XCBuildConfiguration;
			buildSettings = {
				ARCHS = arm64;
				COMBINE_HIDPI_IMAGES = YES;
				GCC_GENERATE_DEBUGGING_SYMBOLS = YES;
				GCC_INLINES_ARE_PRIVATE_EXTERN = NO;
				GCC_OPTIMIZATION_LEVEL = 0;
				GCC_PREPROCESSOR_DEFINITIONS = ("'CMAKE_INTDIR=\"$(CONFIGURATION)$(EFFECTIVE_PLATFORM_NAME)\"'","$(inherited)");
				GCC_SYMBOLS_PRIVATE_EXTERN = NO;
				INSTALL_PATH = "";
				ONLY_ACTIVE_ARCH = NO;
				OTHER_LDFLAGS = ("","$(inherited)");
				OTHER_REZFLAGS = "";
				PRODUCT_NAME = ALL_BUILD;
				SECTORDER_FLAGS = "";
				SYMROOT = /Users/yevheniiandrus/ArringoTest/simulator;
				USE_HEADERMAP = NO;
				WARNING_CFLAGS = ("$(inherited)");
			};
			name = Debug;
		};
		82FD64A74F6949068DB58C94 /* RelWithDebInfo */ = {
			isa = XCBuildConfiguration;
			buildSettings = {
				ARCHS = arm64;
				SDKROOT = /Applications/Xcode.app/Contents/Developer/Platforms/MacOSX.platform/Developer/SDKs/MacOSX12.3.sdk;
				SYMROOT = /Users/yevheniiandrus/ArringoTest/simulator/build;
			};
			name = RelWithDebInfo;
		};
		86D822D930E04CC6A5816FBA /* MinSizeRel */ = {
			isa = XCBuildConfiguration;
			buildSettings = {
				ARCHS = arm64;
				COMBINE_HIDPI_IMAGES = YES;
				EXECUTABLE_PREFIX = lib;
				EXECUTABLE_SUFFIX = .a;
				GCC_GENERATE_DEBUGGING_SYMBOLS = NO;
				GCC_INLINES_ARE_PRIVATE_EXTERN = NO;
				GCC_OPTIMIZATION_LEVEL = s;
				GCC_PREPROCESSOR_DEFINITIONS = ("'CMAKE_INTDIR=\"$(CONFIGURATION)$(EFFECTIVE_PLATFORM_NAME)\"'","$(inherited)");
				GCC_SYMBOLS_PRIVATE_EXTERN = NO;
				INSTALL_PATH = "";
				LIBRARY_STYLE = STATIC;
				ONLY_ACTIVE_ARCH = NO;
				OTHER_CPLUSPLUSFLAGS = "    -DNDEBUG '-std=gnu++17' ";
				OTHER_LIBTOOLFLAGS = ("");
				OTHER_REZFLAGS = "";
				PRODUCT_NAME = simulator;
				SECTORDER_FLAGS = "";
				SYMROOT = /Users/yevheniiandrus/ArringoTest/simulator;
				USE_HEADERMAP = NO;
				WARNING_CFLAGS = ("$(inherited)");
			};
			name = MinSizeRel;
		};
		8BE9CAB91BC34B64A7FA6EA2 /* RelWithDebInfo */ = {
			isa = XCBuildConfiguration;
			buildSettings = {
				ARCHS = arm64;
				COMBINE_HIDPI_IMAGES = YES;
				EXECUTABLE_PREFIX = lib;
				EXECUTABLE_SUFFIX = .a;
				GCC_GENERATE_DEBUGGING_SYMBOLS = YES;
				GCC_INLINES_ARE_PRIVATE_EXTERN = NO;
				GCC_OPTIMIZATION_LEVEL = 2;
				GCC_PREPROCESSOR_DEFINITIONS = ("'CMAKE_INTDIR=\"$(CONFIGURATION)$(EFFECTIVE_PLATFORM_NAME)\"'","$(inherited)");
				GCC_SYMBOLS_PRIVATE_EXTERN = NO;
				INSTALL_PATH = "";
				LIBRARY_STYLE = STATIC;
				ONLY_ACTIVE_ARCH = NO;
				OTHER_CPLUSPLUSFLAGS = "       -DNDEBUG '-std=gnu++17' ";
				OTHER_LIBTOOLFLAGS = ("");
				OTHER_REZFLAGS = "";
				PRODUCT_NAME = simulator;
				SECTORDER_FLAGS = "";
				SYMROOT = /Users/yevheniiandrus/ArringoTest/simulator;
				USE_HEADERMAP = NO;
				WARNING_CFLAGS = ("$(inherited)");
			};
			name = RelWithDebInfo;
		};
		A26C0D6664254AB3AC439BB5 /* Release */ = {
			isa = XCBuildConfiguration;
			buildSettings = {
				ARCHS = arm64;
				COMBINE_HIDPI_IMAGES = YES;
				GCC_GENERATE_DEBUGGING_SYMBOLS = YES;
				GCC_INLINES_ARE_PRIVATE_EXTERN = NO;
				GCC_OPTIMIZATION_LEVEL = 0;
				GCC_PREPROCESSOR_DEFINITIONS = ("'CMAKE_INTDIR=\"$(CONFIGURATION)$(EFFECTIVE_PLATFORM_NAME)\"'","$(inherited)");
				GCC_SYMBOLS_PRIVATE_EXTERN = NO;
				INSTALL_PATH = "";
				ONLY_ACTIVE_ARCH = NO;
				OTHER_LDFLAGS = ("","$(inherited)");
				OTHER_REZFLAGS = "";
				PRODUCT_NAME = ZERO_CHECK;
				SECTORDER_FLAGS = "";
				SYMROOT = /Users/yevheniiandrus/ArringoTest/simulator;
				USE_HEADERMAP = NO;
				WARNING_CFLAGS = ("$(inherited)");
			};
			name = Release;
		};
		BCFC76DF23AC4507A4FF2BDC /* RelWithDebInfo */ = {
			isa = XCBuildConfiguration;
			buildSettings = {
				ARCHS = arm64;
				COMBINE_HIDPI_IMAGES = YES;
				GCC_GENERATE_DEBUGGING_SYMBOLS = YES;
				GCC_INLINES_ARE_PRIVATE_EXTERN = NO;
				GCC_OPTIMIZATION_LEVEL = 0;
				GCC_PREPROCESSOR_DEFINITIONS = ("'CMAKE_INTDIR=\"$(CONFIGURATION)$(EFFECTIVE_PLATFORM_NAME)\"'","$(inherited)");
				GCC_SYMBOLS_PRIVATE_EXTERN = NO;
				INSTALL_PATH = "";
				ONLY_ACTIVE_ARCH = NO;
				OTHER_LDFLAGS = ("","$(inherited)");
				OTHER_REZFLAGS = "";
				PRODUCT_NAME = ALL_BUILD;
				SECTORDER_FLAGS = "";
				SYMROOT = /Users/yevheniiandrus/ArringoTest/simulator;
				USE_HEADERMAP = NO;
				WARNING_CFLAGS = ("$(inherited)");
			};
			name = RelWithDebInfo;
		};
		E1B523EEFD9445B4A928E2F2 /* MinSizeRel */ = {
			isa = XCBuildConfiguration;
			buildSettings = {
				ARCHS = arm64;
				SDKROOT = /Applications/Xcode.app/Contents/Developer/Platforms/MacOSX.platform/Developer/SDKs/MacOSX12.3.sdk;
				SYMROOT = /Users/yevheniiandrus/ArringoTest/simulator/build;
			};
			name = MinSizeRel;
		};
		E8C9527FAE9649939ECA3971 /* Release */ = {
			isa = XCBuildConfiguration;
			buildSettings = {
				ARCHS = arm64;
				COMBINE_HIDPI_IMAGES = YES;
				EXECUTABLE_PREFIX = lib;
				EXECUTABLE_SUFFIX = .a;
				GCC_GENERATE_DEBUGGING_SYMBOLS = NO;
				GCC_INLINES_ARE_PRIVATE_EXTERN = NO;
				GCC_OPTIMIZATION_LEVEL = 3;
				GCC_PREPROCESSOR_DEFINITIONS = ("'CMAKE_INTDIR=\"$(CONFIGURATION)$(EFFECTIVE_PLATFORM_NAME)\"'","$(inherited)");
				GCC_SYMBOLS_PRIVATE_EXTERN = NO;
				INSTALL_PATH = "";
				LIBRARY_STYLE = STATIC;
				ONLY_ACTIVE_ARCH = NO;
				OTHER_CPLUSPLUSFLAGS = "    -DNDEBUG '-std=gnu++17' ";
				OTHER_LIBTOOLFLAGS = ("");
				OTHER_REZFLAGS = "";
				PRODUCT_NAME = simulator;
				SECTORDER_FLAGS = "";
				SYMROOT = /Users/yevheniiandrus/ArringoTest/simulator;
				USE_HEADERMAP = NO;
				WARNING_CFLAGS = ("$(inherited)");
			};
			name = Release;
		};
		FB812FBB572845C68B1E9A7C /* Release */ = {
			isa = XCBuildConfiguration;
			buildSettings = {
				ARCHS = arm64;
				COMBINE_HIDPI_IMAGES = YES;
				GCC_GENERATE_DEBUGGING_SYMBOLS = YES;
				GCC_INLINES_ARE_PRIVATE_EXTERN = NO;
				GCC_OPTIMIZATION_LEVEL = 0;
				GCC_PREPROCESSOR_DEFINITIONS = ("'CMAKE_INTDIR=\"$(CONFIGURATION)$(EFFECTIVE_PLATFORM_NAME)\"'","$(inherited)");
				GCC_SYMBOLS_PRIVATE_EXTERN = NO;
				INSTALL_PATH = "";
				ONLY_ACTIVE_ARCH = NO;
				OTHER_LDFLAGS = ("","$(inherited)");
				OTHER_REZFLAGS = "";
				PRODUCT_NAME = ALL_BUILD;
				SECTORDER_FLAGS = "";
				SYMROOT = /Users/yevheniiandrus/ArringoTest/simulator;
				USE_HEADERMAP = NO;
				WARNING_CFLAGS = ("$(inherited)");
			};
			name = Release;
		};
		FE35EA607E32488B8AF79841 /* Debug */ = {
			isa = XCBuildConfiguration;
			buildSettings = {
				ARCHS = arm64;
				COMBINE_HIDPI_IMAGES = YES;
				GCC_GENERATE_DEBUGGING_SYMBOLS = YES;
				GCC_INLINES_ARE_PRIVATE_EXTERN = NO;
				GCC_OPTIMIZATION_LEVEL = 0;
				GCC_PREPROCESSOR_DEFINITIONS = ("'CMAKE_INTDIR=\"$(CONFIGURATION)$(EFFECTIVE_PLATFORM_NAME)\"'","$(inherited)");
				GCC_SYMBOLS_PRIVATE_EXTERN = NO;
				INSTALL_PATH = "";
				ONLY_ACTIVE_ARCH = NO;
				OTHER_LDFLAGS = ("","$(inherited)");
				OTHER_REZFLAGS = "";
				PRODUCT_NAME = ZERO_CHECK;
				SECTORDER_FLAGS = "";
				SYMROOT = /Users/yevheniiandrus/ArringoTest/simulator;
				USE_HEADERMAP = NO;
				WARNING_CFLAGS = ("$(inherited)");
			};
			name = Debug;
		};
/* End XCBuildConfiguration section */

/* Begin XCConfigurationList section */
		388EECA79425400D8301120E /* Build configuration list for PBXAggregateTarget "ZERO_CHECK" */ = {
			isa = XCConfigurationList;
			buildConfigurations = (
				FE35EA607E32488B8AF79841 /* Debug */,
				A26C0D6664254AB3AC439BB5 /* Release */,
				2F35FE17151445098E07CD11 /* MinSizeRel */,
				47E9EDC6FD1847629F65B44A /* RelWithDebInfo */,
			);
			defaultConfigurationIsVisible = 0;
			defaultConfigurationName = Debug;
		};
		5CB49A2B06824BC8B212BDFE /* Build configuration list for PBXProject "Simulator" */ = {
			isa = XCConfigurationList;
			buildConfigurations = (
				6F520958CFCD4A70B11195E7 /* Debug */,
				181ADD5529D640149CA2E0BC /* Release */,
				E1B523EEFD9445B4A928E2F2 /* MinSizeRel */,
				82FD64A74F6949068DB58C94 /* RelWithDebInfo */,
			);
			defaultConfigurationIsVisible = 0;
			defaultConfigurationName = Debug;
		};
		C690996741CE49D793C2D688 /* Build configuration list for PBXNativeTarget "simulator" */ = {
			isa = XCConfigurationList;
			buildConfigurations = (
				57ED0C29A9484C4BBF9954C2 /* Debug */,
				E8C9527FAE9649939ECA3971 /* Release */,
				86D822D930E04CC6A5816FBA /* MinSizeRel */,
				8BE9CAB91BC34B64A7FA6EA2 /* RelWithDebInfo */,
			);
			defaultConfigurationIsVisible = 0;
			defaultConfigurationName = Debug;
		};
		E20A37AA6CB94A35AD6515DD /* Build configuration list for PBXAggregateTarget "ALL_BUILD" */ = {
			isa = XCConfigurationList;
			buildConfigurations = (
				803A49BF1CEE4A1396E1155E /* Debug */,
				FB812FBB572845C68B1E9A7C /* Release */,
				31B790DE22F94087836B5C4D /* MinSizeRel */,
				BCFC76DF23AC4507A4FF2BDC /* RelWithDebInfo */,
			);
			defaultConfigurationIsVisible = 0;
			defaultConfigurationName = Debug;
		};
/* End XCConfigurationList section */
	};
	rootObject = E9B6965C07F643888D49DE8E /* Project object */;
}
